// !$*UTF8*$!
{
	archiveVersion = 1;
	classes = {
	};
	objectVersion = 46;
	objects = {

/* Begin PBXBuildFile section */
		B30910E687F535F314DE4187 /* libPods-LocalTweets.a in Frameworks */ = {isa = PBXBuildFile; fileRef = C8F5F85656CD2A888C96E87B /* libPods-LocalTweets.a */; };
		DC9D025D1A708A2B005477B4 /* ApplicationAssembly.m in Sources */ = {isa = PBXBuildFile; fileRef = DC9D025C1A708A2B005477B4 /* ApplicationAssembly.m */; };
		DC9D02611A708A5C005477B4 /* Configuration.plist in Resources */ = {isa = PBXBuildFile; fileRef = DC9D02601A708A5C005477B4 /* Configuration.plist */; };
		DC9D02731A709CC7005477B4 /* TwitterAPIGatewayImpl.m in Sources */ = {isa = PBXBuildFile; fileRef = DC9D026A1A709CC7005477B4 /* TwitterAPIGatewayImpl.m */; };
		DC9D02741A709CC7005477B4 /* RequestMethod.m in Sources */ = {isa = PBXBuildFile; fileRef = DC9D026D1A709CC7005477B4 /* RequestMethod.m */; };
		DC9D02751A709CC7005477B4 /* TwitterRequestImpl.m in Sources */ = {isa = PBXBuildFile; fileRef = DC9D02701A709CC7005477B4 /* TwitterRequestImpl.m */; };
		DC9D02761A709CC7005477B4 /* TwitterAPIManagerImpl.m in Sources */ = {isa = PBXBuildFile; fileRef = DC9D02721A709CC7005477B4 /* TwitterAPIManagerImpl.m */; };
		DC9D027A1A70A0FB005477B4 /* RecentNearestTweetsGateway.m in Sources */ = {isa = PBXBuildFile; fileRef = DC9D02791A70A0FB005477B4 /* RecentNearestTweetsGateway.m */; };
		DC9D02871A716E13005477B4 /* LocalTweetsViewController.m in Sources */ = {isa = PBXBuildFile; fileRef = DC9D02831A716E13005477B4 /* LocalTweetsViewController.m */; };
		DC9D02881A716E13005477B4 /* LocalTweetsViewModelImpl.m in Sources */ = {isa = PBXBuildFile; fileRef = DC9D02861A716E13005477B4 /* LocalTweetsViewModelImpl.m */; };
		DCBB46C51A732DD800B4912D /* Tweet.m in Sources */ = {isa = PBXBuildFile; fileRef = DCBB46C41A732DD800B4912D /* Tweet.m */; };
		DCED38791A6B0BCA007F1873 /* main.m in Sources */ = {isa = PBXBuildFile; fileRef = DCED38781A6B0BCA007F1873 /* main.m */; };
		DCED38841A6B0BCB007F1873 /* Images.xcassets in Resources */ = {isa = PBXBuildFile; fileRef = DCED38831A6B0BCB007F1873 /* Images.xcassets */; };
		DCED38931A6B0BCB007F1873 /* LocalTweetsTests.m in Sources */ = {isa = PBXBuildFile; fileRef = DCED38921A6B0BCB007F1873 /* LocalTweetsTests.m */; };
		DCED38AF1A6C5F8F007F1873 /* LocalTweets.storyboard in Resources */ = {isa = PBXBuildFile; fileRef = DCED38AB1A6C5F8F007F1873 /* LocalTweets.storyboard */; };
		DCED38B41A6C5FC2007F1873 /* AppDelegate.m in Sources */ = {isa = PBXBuildFile; fileRef = DCED38B31A6C5FC2007F1873 /* AppDelegate.m */; };
		DCED38BA1A6C66C3007F1873 /* TwitterKit.framework in Frameworks */ = {isa = PBXBuildFile; fileRef = DCED38B71A6C66C3007F1873 /* TwitterKit.framework */; };
		DCED38BB1A6C66C3007F1873 /* TwitterKitResources.bundle in Resources */ = {isa = PBXBuildFile; fileRef = DCED38B81A6C66C3007F1873 /* TwitterKitResources.bundle */; };
		DCED38BC1A6C66C3007F1873 /* Fabric.framework in Frameworks */ = {isa = PBXBuildFile; fileRef = DCED38B91A6C66C3007F1873 /* Fabric.framework */; };
		DCED38BF1A6C7521007F1873 /* MapPresentationViewController.m in Sources */ = {isa = PBXBuildFile; fileRef = DCED38BE1A6C7521007F1873 /* MapPresentationViewController.m */; };
		DCED38C21A6C7544007F1873 /* TablePresentationViewController.m in Sources */ = {isa = PBXBuildFile; fileRef = DCED38C11A6C7544007F1873 /* TablePresentationViewController.m */; };
		DCED38C71A6C9EEC007F1873 /* MapKit.framework in Frameworks */ = {isa = PBXBuildFile; fileRef = DCED38C61A6C9EEC007F1873 /* MapKit.framework */; };
/* End PBXBuildFile section */

/* Begin PBXContainerItemProxy section */
		DCED388D1A6B0BCB007F1873 /* PBXContainerItemProxy */ = {
			isa = PBXContainerItemProxy;
			containerPortal = DCED386B1A6B0BCA007F1873 /* Project object */;
			proxyType = 1;
			remoteGlobalIDString = DCED38721A6B0BCA007F1873;
			remoteInfo = LocalTweets;
		};
/* End PBXContainerItemProxy section */

/* Begin PBXFileReference section */
		3984387DB9B40B7A9DE93155 /* Pods-LocalTweets.release.xcconfig */ = {isa = PBXFileReference; includeInIndex = 1; lastKnownFileType = text.xcconfig; name = "Pods-LocalTweets.release.xcconfig"; path = "Pods/Target Support Files/Pods-LocalTweets/Pods-LocalTweets.release.xcconfig"; sourceTree = "<group>"; };
		C8F5F85656CD2A888C96E87B /* libPods-LocalTweets.a */ = {isa = PBXFileReference; explicitFileType = archive.ar; includeInIndex = 0; path = "libPods-LocalTweets.a"; sourceTree = BUILT_PRODUCTS_DIR; };
		DC9D025B1A708A2B005477B4 /* ApplicationAssembly.h */ = {isa = PBXFileReference; fileEncoding = 4; lastKnownFileType = sourcecode.c.h; path = ApplicationAssembly.h; sourceTree = "<group>"; };
		DC9D025C1A708A2B005477B4 /* ApplicationAssembly.m */ = {isa = PBXFileReference; fileEncoding = 4; lastKnownFileType = sourcecode.c.objc; path = ApplicationAssembly.m; sourceTree = "<group>"; };
		DC9D02601A708A5C005477B4 /* Configuration.plist */ = {isa = PBXFileReference; fileEncoding = 4; lastKnownFileType = text.plist.xml; path = Configuration.plist; sourceTree = "<group>"; };
		DC9D02681A709CC7005477B4 /* TwitterAPIGateway.h */ = {isa = PBXFileReference; fileEncoding = 4; lastKnownFileType = sourcecode.c.h; path = TwitterAPIGateway.h; sourceTree = "<group>"; };
		DC9D02691A709CC7005477B4 /* TwitterAPIGatewayImpl.h */ = {isa = PBXFileReference; fileEncoding = 4; lastKnownFileType = sourcecode.c.h; path = TwitterAPIGatewayImpl.h; sourceTree = "<group>"; };
		DC9D026A1A709CC7005477B4 /* TwitterAPIGatewayImpl.m */ = {isa = PBXFileReference; fileEncoding = 4; lastKnownFileType = sourcecode.c.objc; path = TwitterAPIGatewayImpl.m; sourceTree = "<group>"; };
		DC9D026C1A709CC7005477B4 /* RequestMethod.h */ = {isa = PBXFileReference; fileEncoding = 4; lastKnownFileType = sourcecode.c.h; path = RequestMethod.h; sourceTree = "<group>"; };
		DC9D026D1A709CC7005477B4 /* RequestMethod.m */ = {isa = PBXFileReference; fileEncoding = 4; lastKnownFileType = sourcecode.c.objc; path = RequestMethod.m; sourceTree = "<group>"; };
		DC9D026E1A709CC7005477B4 /* TwitterRequest.h */ = {isa = PBXFileReference; fileEncoding = 4; lastKnownFileType = sourcecode.c.h; path = TwitterRequest.h; sourceTree = "<group>"; };
		DC9D026F1A709CC7005477B4 /* TwitterRequestImpl.h */ = {isa = PBXFileReference; fileEncoding = 4; lastKnownFileType = sourcecode.c.h; path = TwitterRequestImpl.h; sourceTree = "<group>"; };
		DC9D02701A709CC7005477B4 /* TwitterRequestImpl.m */ = {isa = PBXFileReference; fileEncoding = 4; lastKnownFileType = sourcecode.c.objc; path = TwitterRequestImpl.m; sourceTree = "<group>"; };
		DC9D02711A709CC7005477B4 /* TwitterAPIManagerImpl.h */ = {isa = PBXFileReference; fileEncoding = 4; lastKnownFileType = sourcecode.c.h; path = TwitterAPIManagerImpl.h; sourceTree = "<group>"; };
		DC9D02721A709CC7005477B4 /* TwitterAPIManagerImpl.m */ = {isa = PBXFileReference; fileEncoding = 4; lastKnownFileType = sourcecode.c.objc; path = TwitterAPIManagerImpl.m; sourceTree = "<group>"; };
		DC9D02771A709D2A005477B4 /* TwitterAPIManager.h */ = {isa = PBXFileReference; lastKnownFileType = sourcecode.c.h; path = TwitterAPIManager.h; sourceTree = "<group>"; };
		DC9D02781A70A0FB005477B4 /* RecentNearestTweetsGateway.h */ = {isa = PBXFileReference; fileEncoding = 4; lastKnownFileType = sourcecode.c.h; path = RecentNearestTweetsGateway.h; sourceTree = "<group>"; };
		DC9D02791A70A0FB005477B4 /* RecentNearestTweetsGateway.m */ = {isa = PBXFileReference; fileEncoding = 4; lastKnownFileType = sourcecode.c.objc; path = RecentNearestTweetsGateway.m; sourceTree = "<group>"; };
		DC9D02821A716E13005477B4 /* LocalTweetsViewController.h */ = {isa = PBXFileReference; fileEncoding = 4; lastKnownFileType = sourcecode.c.h; path = LocalTweetsViewController.h; sourceTree = "<group>"; };
		DC9D02831A716E13005477B4 /* LocalTweetsViewController.m */ = {isa = PBXFileReference; fileEncoding = 4; lastKnownFileType = sourcecode.c.objc; path = LocalTweetsViewController.m; sourceTree = "<group>"; };
		DC9D02841A716E13005477B4 /* LocalTweetsViewModel.h */ = {isa = PBXFileReference; fileEncoding = 4; lastKnownFileType = sourcecode.c.h; path = LocalTweetsViewModel.h; sourceTree = "<group>"; };
		DC9D02851A716E13005477B4 /* LocalTweetsViewModelImpl.h */ = {isa = PBXFileReference; fileEncoding = 4; lastKnownFileType = sourcecode.c.h; path = LocalTweetsViewModelImpl.h; sourceTree = "<group>"; };
		DC9D02861A716E13005477B4 /* LocalTweetsViewModelImpl.m */ = {isa = PBXFileReference; fileEncoding = 4; lastKnownFileType = sourcecode.c.objc; path = LocalTweetsViewModelImpl.m; sourceTree = "<group>"; };
		DCBB46BE1A71C90F00B4912D /* LocalTweetsPresenter.h */ = {isa = PBXFileReference; lastKnownFileType = sourcecode.c.h; path = LocalTweetsPresenter.h; sourceTree = "<group>"; };
		DCBB46BF1A73213D00B4912D /* LocalTweetsDatasourceViewModel.h */ = {isa = PBXFileReference; lastKnownFileType = sourcecode.c.h; path = LocalTweetsDatasourceViewModel.h; sourceTree = "<group>"; };
		DCBB46C31A732DD800B4912D /* Tweet.h */ = {isa = PBXFileReference; fileEncoding = 4; lastKnownFileType = sourcecode.c.h; path = Tweet.h; sourceTree = "<group>"; };
		DCBB46C41A732DD800B4912D /* Tweet.m */ = {isa = PBXFileReference; fileEncoding = 4; lastKnownFileType = sourcecode.c.objc; path = Tweet.m; sourceTree = "<group>"; };
		DCED38731A6B0BCA007F1873 /* LocalTweets.app */ = {isa = PBXFileReference; explicitFileType = wrapper.application; includeInIndex = 0; path = LocalTweets.app; sourceTree = BUILT_PRODUCTS_DIR; };
		DCED38771A6B0BCA007F1873 /* Info.plist */ = {isa = PBXFileReference; lastKnownFileType = text.plist.xml; path = Info.plist; sourceTree = "<group>"; };
		DCED38781A6B0BCA007F1873 /* main.m */ = {isa = PBXFileReference; lastKnownFileType = sourcecode.c.objc; path = main.m; sourceTree = "<group>"; };
		DCED38831A6B0BCB007F1873 /* Images.xcassets */ = {isa = PBXFileReference; lastKnownFileType = folder.assetcatalog; path = Images.xcassets; sourceTree = "<group>"; };
		DCED388C1A6B0BCB007F1873 /* LocalTweetsTests.xctest */ = {isa = PBXFileReference; explicitFileType = wrapper.cfbundle; includeInIndex = 0; path = LocalTweetsTests.xctest; sourceTree = BUILT_PRODUCTS_DIR; };
		DCED38911A6B0BCB007F1873 /* Info.plist */ = {isa = PBXFileReference; lastKnownFileType = text.plist.xml; path = Info.plist; sourceTree = "<group>"; };
		DCED38921A6B0BCB007F1873 /* LocalTweetsTests.m */ = {isa = PBXFileReference; lastKnownFileType = sourcecode.c.objc; path = LocalTweetsTests.m; sourceTree = "<group>"; };
		DCED38AB1A6C5F8F007F1873 /* LocalTweets.storyboard */ = {isa = PBXFileReference; fileEncoding = 4; lastKnownFileType = file.storyboard; path = LocalTweets.storyboard; sourceTree = "<group>"; };
		DCED38B21A6C5FC2007F1873 /* AppDelegate.h */ = {isa = PBXFileReference; fileEncoding = 4; lastKnownFileType = sourcecode.c.h; path = AppDelegate.h; sourceTree = "<group>"; };
		DCED38B31A6C5FC2007F1873 /* AppDelegate.m */ = {isa = PBXFileReference; fileEncoding = 4; lastKnownFileType = sourcecode.c.objc; path = AppDelegate.m; sourceTree = "<group>"; };
		DCED38B71A6C66C3007F1873 /* TwitterKit.framework */ = {isa = PBXFileReference; lastKnownFileType = wrapper.framework; path = TwitterKit.framework; sourceTree = "<group>"; };
		DCED38B81A6C66C3007F1873 /* TwitterKitResources.bundle */ = {isa = PBXFileReference; lastKnownFileType = "wrapper.plug-in"; name = TwitterKitResources.bundle; path = TwitterKit.framework/Versions/A/Resources/TwitterKitResources.bundle; sourceTree = "<group>"; };
		DCED38B91A6C66C3007F1873 /* Fabric.framework */ = {isa = PBXFileReference; lastKnownFileType = wrapper.framework; path = Fabric.framework; sourceTree = "<group>"; };
		DCED38BD1A6C7521007F1873 /* MapPresentationViewController.h */ = {isa = PBXFileReference; fileEncoding = 4; lastKnownFileType = sourcecode.c.h; path = MapPresentationViewController.h; sourceTree = "<group>"; };
		DCED38BE1A6C7521007F1873 /* MapPresentationViewController.m */ = {isa = PBXFileReference; fileEncoding = 4; lastKnownFileType = sourcecode.c.objc; path = MapPresentationViewController.m; sourceTree = "<group>"; };
		DCED38C01A6C7544007F1873 /* TablePresentationViewController.h */ = {isa = PBXFileReference; fileEncoding = 4; lastKnownFileType = sourcecode.c.h; path = TablePresentationViewController.h; sourceTree = "<group>"; };
		DCED38C11A6C7544007F1873 /* TablePresentationViewController.m */ = {isa = PBXFileReference; fileEncoding = 4; lastKnownFileType = sourcecode.c.objc; path = TablePresentationViewController.m; sourceTree = "<group>"; };
		DCED38C51A6C9C73007F1873 /* PrefixHeader.pch */ = {isa = PBXFileReference; lastKnownFileType = sourcecode.c.h; path = PrefixHeader.pch; sourceTree = "<group>"; };
		DCED38C61A6C9EEC007F1873 /* MapKit.framework */ = {isa = PBXFileReference; lastKnownFileType = wrapper.framework; name = MapKit.framework; path = System/Library/Frameworks/MapKit.framework; sourceTree = SDKROOT; };
		F0D404343BB029F2A2947A71 /* Pods-LocalTweets.debug.xcconfig */ = {isa = PBXFileReference; includeInIndex = 1; lastKnownFileType = text.xcconfig; name = "Pods-LocalTweets.debug.xcconfig"; path = "Pods/Target Support Files/Pods-LocalTweets/Pods-LocalTweets.debug.xcconfig"; sourceTree = "<group>"; };
/* End PBXFileReference section */

/* Begin PBXFrameworksBuildPhase section */
		DCED38701A6B0BCA007F1873 /* Frameworks */ = {
			isa = PBXFrameworksBuildPhase;
			buildActionMask = 2147483647;
			files = (
				DCED38BA1A6C66C3007F1873 /* TwitterKit.framework in Frameworks */,
				DCED38C71A6C9EEC007F1873 /* MapKit.framework in Frameworks */,
				DCED38BC1A6C66C3007F1873 /* Fabric.framework in Frameworks */,
				B30910E687F535F314DE4187 /* libPods-LocalTweets.a in Frameworks */,
			);
			runOnlyForDeploymentPostprocessing = 0;
		};
		DCED38891A6B0BCB007F1873 /* Frameworks */ = {
			isa = PBXFrameworksBuildPhase;
			buildActionMask = 2147483647;
			files = (
			);
			runOnlyForDeploymentPostprocessing = 0;
		};
/* End PBXFrameworksBuildPhase section */

/* Begin PBXGroup section */
		0261A0C1A9681F8BB6F241A1 /* Pods */ = {
			isa = PBXGroup;
			children = (
				F0D404343BB029F2A2947A71 /* Pods-LocalTweets.debug.xcconfig */,
				3984387DB9B40B7A9DE93155 /* Pods-LocalTweets.release.xcconfig */,
			);
			name = Pods;
			sourceTree = "<group>";
		};
		DC9D02671A709CC7005477B4 /* Gateways */ = {
			isa = PBXGroup;
			children = (
				DC9D02681A709CC7005477B4 /* TwitterAPIGateway.h */,
				DC9D02691A709CC7005477B4 /* TwitterAPIGatewayImpl.h */,
				DC9D026A1A709CC7005477B4 /* TwitterAPIGatewayImpl.m */,
				DC9D02781A70A0FB005477B4 /* RecentNearestTweetsGateway.h */,
				DC9D02791A70A0FB005477B4 /* RecentNearestTweetsGateway.m */,
			);
			path = Gateways;
			sourceTree = "<group>";
		};
		DC9D026B1A709CC7005477B4 /* Request */ = {
			isa = PBXGroup;
			children = (
				DC9D026C1A709CC7005477B4 /* RequestMethod.h */,
				DC9D026D1A709CC7005477B4 /* RequestMethod.m */,
				DC9D026E1A709CC7005477B4 /* TwitterRequest.h */,
				DC9D026F1A709CC7005477B4 /* TwitterRequestImpl.h */,
				DC9D02701A709CC7005477B4 /* TwitterRequestImpl.m */,
			);
			path = Request;
			sourceTree = "<group>";
		};
		DC9D02811A716E13005477B4 /* LocalTweetsContainerPresentation */ = {
			isa = PBXGroup;
			children = (
				DC9D02821A716E13005477B4 /* LocalTweetsViewController.h */,
				DC9D02831A716E13005477B4 /* LocalTweetsViewController.m */,
				DCBB46BF1A73213D00B4912D /* LocalTweetsDatasourceViewModel.h */,
				DC9D02841A716E13005477B4 /* LocalTweetsViewModel.h */,
				DC9D02851A716E13005477B4 /* LocalTweetsViewModelImpl.h */,
				DC9D02861A716E13005477B4 /* LocalTweetsViewModelImpl.m */,
			);
			path = LocalTweetsContainerPresentation;
			sourceTree = "<group>";
		};
		DCED386A1A6B0BCA007F1873 = {
			isa = PBXGroup;
			children = (
				DCED38751A6B0BCA007F1873 /* LocalTweets */,
				DCED388F1A6B0BCB007F1873 /* LocalTweetsTests */,
				DCED38B61A6C66A7007F1873 /* Frameworks */,
				DCED38741A6B0BCA007F1873 /* Products */,
				0261A0C1A9681F8BB6F241A1 /* Pods */,
			);
			sourceTree = "<group>";
		};
		DCED38741A6B0BCA007F1873 /* Products */ = {
			isa = PBXGroup;
			children = (
				DCED38731A6B0BCA007F1873 /* LocalTweets.app */,
				DCED388C1A6B0BCB007F1873 /* LocalTweetsTests.xctest */,
			);
			name = Products;
			sourceTree = "<group>";
		};
		DCED38751A6B0BCA007F1873 /* LocalTweets */ = {
			isa = PBXGroup;
			children = (
				DCED38A51A6C5F8F007F1873 /* Classes */,
				DCED38831A6B0BCB007F1873 /* Images.xcassets */,
				DCED38761A6B0BCA007F1873 /* Supporting Files */,
			);
			path = LocalTweets;
			sourceTree = "<group>";
		};
		DCED38761A6B0BCA007F1873 /* Supporting Files */ = {
			isa = PBXGroup;
			children = (
				DCED38771A6B0BCA007F1873 /* Info.plist */,
				DCED38781A6B0BCA007F1873 /* main.m */,
				DCED38C51A6C9C73007F1873 /* PrefixHeader.pch */,
			);
			name = "Supporting Files";
			sourceTree = "<group>";
		};
		DCED388F1A6B0BCB007F1873 /* LocalTweetsTests */ = {
			isa = PBXGroup;
			children = (
				DCED38921A6B0BCB007F1873 /* LocalTweetsTests.m */,
				DCED38901A6B0BCB007F1873 /* Supporting Files */,
			);
			path = LocalTweetsTests;
			sourceTree = "<group>";
		};
		DCED38901A6B0BCB007F1873 /* Supporting Files */ = {
			isa = PBXGroup;
			children = (
				DCED38911A6B0BCB007F1873 /* Info.plist */,
			);
			name = "Supporting Files";
			sourceTree = "<group>";
		};
		DCED38A51A6C5F8F007F1873 /* Classes */ = {
			isa = PBXGroup;
			children = (
				DCED38B11A6C5FC2007F1873 /* Application */,
				DCED38A71A6C5F8F007F1873 /* Assembly */,
				DCED38A61A6C5F8F007F1873 /* API */,
				DCED38A81A6C5F8F007F1873 /* Data */,
				DCED38A91A6C5F8F007F1873 /* Presentation */,
			);
			path = Classes;
			sourceTree = "<group>";
		};
		DCED38A61A6C5F8F007F1873 /* API */ = {
			isa = PBXGroup;
			children = (
				DC9D02771A709D2A005477B4 /* TwitterAPIManager.h */,
				DC9D02711A709CC7005477B4 /* TwitterAPIManagerImpl.h */,
				DC9D02721A709CC7005477B4 /* TwitterAPIManagerImpl.m */,
				DC9D02671A709CC7005477B4 /* Gateways */,
				DC9D026B1A709CC7005477B4 /* Request */,
			);
			path = API;
			sourceTree = "<group>";
		};
		DCED38A71A6C5F8F007F1873 /* Assembly */ = {
			isa = PBXGroup;
			children = (
				DC9D025B1A708A2B005477B4 /* ApplicationAssembly.h */,
				DC9D025C1A708A2B005477B4 /* ApplicationAssembly.m */,
				DC9D02601A708A5C005477B4 /* Configuration.plist */,
			);
			path = Assembly;
			sourceTree = "<group>";
		};
		DCED38A81A6C5F8F007F1873 /* Data */ = {
			isa = PBXGroup;
			children = (
				DCBB46C31A732DD800B4912D /* Tweet.h */,
				DCBB46C41A732DD800B4912D /* Tweet.m */,
			);
			path = Data;
			sourceTree = "<group>";
		};
		DCED38A91A6C5F8F007F1873 /* Presentation */ = {
			isa = PBXGroup;
			children = (
				DCED38AB1A6C5F8F007F1873 /* LocalTweets.storyboard */,
				DC9D02811A716E13005477B4 /* LocalTweetsContainerPresentation */,
				DCBB46BE1A71C90F00B4912D /* LocalTweetsPresenter.h */,
				DCED38BD1A6C7521007F1873 /* MapPresentationViewController.h */,
				DCED38BE1A6C7521007F1873 /* MapPresentationViewController.m */,
				DCED38C01A6C7544007F1873 /* TablePresentationViewController.h */,
				DCED38C11A6C7544007F1873 /* TablePresentationViewController.m */,
			);
			path = Presentation;
			sourceTree = "<group>";
		};
		DCED38B11A6C5FC2007F1873 /* Application */ = {
			isa = PBXGroup;
			children = (
				DCED38B21A6C5FC2007F1873 /* AppDelegate.h */,
				DCED38B31A6C5FC2007F1873 /* AppDelegate.m */,
			);
			path = Application;
			sourceTree = "<group>";
		};
		DCED38B61A6C66A7007F1873 /* Frameworks */ = {
			isa = PBXGroup;
			children = (
				DCED38C61A6C9EEC007F1873 /* MapKit.framework */,
				DCED38B71A6C66C3007F1873 /* TwitterKit.framework */,
				DCED38B81A6C66C3007F1873 /* TwitterKitResources.bundle */,
				DCED38B91A6C66C3007F1873 /* Fabric.framework */,
				C8F5F85656CD2A888C96E87B /* libPods-LocalTweets.a */,
			);
			name = Frameworks;
			sourceTree = "<group>";
		};
/* End PBXGroup section */

/* Begin PBXNativeTarget section */
		DCED38721A6B0BCA007F1873 /* LocalTweets */ = {
			isa = PBXNativeTarget;
			buildConfigurationList = DCED38961A6B0BCB007F1873 /* Build configuration list for PBXNativeTarget "LocalTweets" */;
			buildPhases = (
				D1EA6578D2EB6BC553B37E28 /* Check Pods Manifest.lock */,
				DCED386F1A6B0BCA007F1873 /* Sources */,
				DCED38701A6B0BCA007F1873 /* Frameworks */,
				DCED38711A6B0BCA007F1873 /* Resources */,
				DCED38B51A6C65F1007F1873 /* Run Fabric Framework Script */,
				61A7634DC7C21054E32F8A61 /* Copy Pods Resources */,
			);
			buildRules = (
			);
			dependencies = (
			);
			name = LocalTweets;
			productName = LocalTweets;
			productReference = DCED38731A6B0BCA007F1873 /* LocalTweets.app */;
			productType = "com.apple.product-type.application";
		};
		DCED388B1A6B0BCB007F1873 /* LocalTweetsTests */ = {
			isa = PBXNativeTarget;
			buildConfigurationList = DCED38991A6B0BCB007F1873 /* Build configuration list for PBXNativeTarget "LocalTweetsTests" */;
			buildPhases = (
				DCED38881A6B0BCB007F1873 /* Sources */,
				DCED38891A6B0BCB007F1873 /* Frameworks */,
				DCED388A1A6B0BCB007F1873 /* Resources */,
			);
			buildRules = (
			);
			dependencies = (
				DCED388E1A6B0BCB007F1873 /* PBXTargetDependency */,
			);
			name = LocalTweetsTests;
			productName = LocalTweetsTests;
			productReference = DCED388C1A6B0BCB007F1873 /* LocalTweetsTests.xctest */;
			productType = "com.apple.product-type.bundle.unit-test";
		};
/* End PBXNativeTarget section */

/* Begin PBXProject section */
		DCED386B1A6B0BCA007F1873 /* Project object */ = {
			isa = PBXProject;
			attributes = {
				LastUpgradeCheck = 0610;
				ORGANIZATIONNAME = "Alexander Voronov";
				TargetAttributes = {
					DCED38721A6B0BCA007F1873 = {
						CreatedOnToolsVersion = 6.1.1;
						SystemCapabilities = {
							com.apple.Maps.iOS = {
								enabled = 1;
							};
						};
					};
					DCED388B1A6B0BCB007F1873 = {
						CreatedOnToolsVersion = 6.1.1;
						TestTargetID = DCED38721A6B0BCA007F1873;
					};
				};
			};
			buildConfigurationList = DCED386E1A6B0BCA007F1873 /* Build configuration list for PBXProject "LocalTweets" */;
			compatibilityVersion = "Xcode 3.2";
			developmentRegion = English;
			hasScannedForEncodings = 0;
			knownRegions = (
				en,
				Base,
			);
			mainGroup = DCED386A1A6B0BCA007F1873;
			productRefGroup = DCED38741A6B0BCA007F1873 /* Products */;
			projectDirPath = "";
			projectRoot = "";
			targets = (
				DCED38721A6B0BCA007F1873 /* LocalTweets */,
				DCED388B1A6B0BCB007F1873 /* LocalTweetsTests */,
			);
		};
/* End PBXProject section */

/* Begin PBXResourcesBuildPhase section */
		DCED38711A6B0BCA007F1873 /* Resources */ = {
			isa = PBXResourcesBuildPhase;
			buildActionMask = 2147483647;
			files = (
				DCED38BB1A6C66C3007F1873 /* TwitterKitResources.bundle in Resources */,
				DC9D02611A708A5C005477B4 /* Configuration.plist in Resources */,
				DCED38AF1A6C5F8F007F1873 /* LocalTweets.storyboard in Resources */,
				DCED38841A6B0BCB007F1873 /* Images.xcassets in Resources */,
			);
			runOnlyForDeploymentPostprocessing = 0;
		};
		DCED388A1A6B0BCB007F1873 /* Resources */ = {
			isa = PBXResourcesBuildPhase;
			buildActionMask = 2147483647;
			files = (
			);
			runOnlyForDeploymentPostprocessing = 0;
		};
/* End PBXResourcesBuildPhase section */

/* Begin PBXShellScriptBuildPhase section */
		61A7634DC7C21054E32F8A61 /* Copy Pods Resources */ = {
			isa = PBXShellScriptBuildPhase;
			buildActionMask = 2147483647;
			files = (
			);
			inputPaths = (
			);
			name = "Copy Pods Resources";
			outputPaths = (
			);
			runOnlyForDeploymentPostprocessing = 0;
			shellPath = /bin/sh;
			shellScript = "\"${SRCROOT}/Pods/Target Support Files/Pods-LocalTweets/Pods-LocalTweets-resources.sh\"\n";
			showEnvVarsInLog = 0;
		};
		D1EA6578D2EB6BC553B37E28 /* Check Pods Manifest.lock */ = {
			isa = PBXShellScriptBuildPhase;
			buildActionMask = 2147483647;
			files = (
			);
			inputPaths = (
			);
			name = "Check Pods Manifest.lock";
			outputPaths = (
			);
			runOnlyForDeploymentPostprocessing = 0;
			shellPath = /bin/sh;
			shellScript = "diff \"${PODS_ROOT}/../Podfile.lock\" \"${PODS_ROOT}/Manifest.lock\" > /dev/null\nif [[ $? != 0 ]] ; then\n    cat << EOM\nerror: The sandbox is not in sync with the Podfile.lock. Run 'pod install' or update your CocoaPods installation.\nEOM\n    exit 1\nfi\n";
			showEnvVarsInLog = 0;
		};
		DCED38B51A6C65F1007F1873 /* Run Fabric Framework Script */ = {
			isa = PBXShellScriptBuildPhase;
			buildActionMask = 2147483647;
			files = (
			);
			inputPaths = (
			);
			name = "Run Fabric Framework Script";
			outputPaths = (
			);
			runOnlyForDeploymentPostprocessing = 0;
			shellPath = /bin/sh;
			shellScript = "./Fabric.framework/run a7116010e908b608ad19cf37142cf4079866e4e5 e6da5fa833d2624c4d8a429e4852fefafda68b9e8a16a63bced846e077888510";
		};
/* End PBXShellScriptBuildPhase section */

/* Begin PBXSourcesBuildPhase section */
		DCED386F1A6B0BCA007F1873 /* Sources */ = {
			isa = PBXSourcesBuildPhase;
			buildActionMask = 2147483647;
			files = (
				DC9D02871A716E13005477B4 /* LocalTweetsViewController.m in Sources */,
				DCBB46C51A732DD800B4912D /* Tweet.m in Sources */,
				DCED38C21A6C7544007F1873 /* TablePresentationViewController.m in Sources */,
				DC9D027A1A70A0FB005477B4 /* RecentNearestTweetsGateway.m in Sources */,
				DCED38791A6B0BCA007F1873 /* main.m in Sources */,
				DCED38B41A6C5FC2007F1873 /* AppDelegate.m in Sources */,
				DC9D02741A709CC7005477B4 /* RequestMethod.m in Sources */,
				DC9D02731A709CC7005477B4 /* TwitterAPIGatewayImpl.m in Sources */,
				DC9D02761A709CC7005477B4 /* TwitterAPIManagerImpl.m in Sources */,
				DC9D02751A709CC7005477B4 /* TwitterRequestImpl.m in Sources */,
				DC9D025D1A708A2B005477B4 /* ApplicationAssembly.m in Sources */,
				DC9D02881A716E13005477B4 /* LocalTweetsViewModelImpl.m in Sources */,
				DCED38BF1A6C7521007F1873 /* MapPresentationViewController.m in Sources */,
			);
			runOnlyForDeploymentPostprocessing = 0;
		};
		DCED38881A6B0BCB007F1873 /* Sources */ = {
			isa = PBXSourcesBuildPhase;
			buildActionMask = 2147483647;
			files = (
				DCED38931A6B0BCB007F1873 /* LocalTweetsTests.m in Sources */,
			);
			runOnlyForDeploymentPostprocessing = 0;
		};
/* End PBXSourcesBuildPhase section */

/* Begin PBXTargetDependency section */
		DCED388E1A6B0BCB007F1873 /* PBXTargetDependency */ = {
			isa = PBXTargetDependency;
			target = DCED38721A6B0BCA007F1873 /* LocalTweets */;
			targetProxy = DCED388D1A6B0BCB007F1873 /* PBXContainerItemProxy */;
		};
/* End PBXTargetDependency section */

/* Begin XCBuildConfiguration section */
		DCED38941A6B0BCB007F1873 /* Debug */ = {
			isa = XCBuildConfiguration;
			buildSettings = {
				ALWAYS_SEARCH_USER_PATHS = NO;
				CLANG_CXX_LANGUAGE_STANDARD = "gnu++0x";
				CLANG_CXX_LIBRARY = "libc++";
				CLANG_ENABLE_MODULES = YES;
				CLANG_ENABLE_OBJC_ARC = YES;
				CLANG_WARN_BOOL_CONVERSION = YES;
				CLANG_WARN_CONSTANT_CONVERSION = YES;
				CLANG_WARN_DIRECT_OBJC_ISA_USAGE = YES_ERROR;
				CLANG_WARN_EMPTY_BODY = YES;
				CLANG_WARN_ENUM_CONVERSION = YES;
				CLANG_WARN_INT_CONVERSION = YES;
				CLANG_WARN_OBJC_ROOT_CLASS = YES_ERROR;
				CLANG_WARN_UNREACHABLE_CODE = YES;
				CLANG_WARN__DUPLICATE_METHOD_MATCH = YES;
				"CODE_SIGN_IDENTITY[sdk=iphoneos*]" = "iPhone Developer";
				COPY_PHASE_STRIP = NO;
				ENABLE_STRICT_OBJC_MSGSEND = YES;
				GCC_C_LANGUAGE_STANDARD = gnu99;
				GCC_DYNAMIC_NO_PIC = NO;
				GCC_OPTIMIZATION_LEVEL = 0;
				GCC_PREPROCESSOR_DEFINITIONS = (
					"DEBUG=1",
					"$(inherited)",
				);
				GCC_SYMBOLS_PRIVATE_EXTERN = NO;
				GCC_WARN_64_TO_32_BIT_CONVERSION = YES;
				GCC_WARN_ABOUT_RETURN_TYPE = YES_ERROR;
				GCC_WARN_UNDECLARED_SELECTOR = YES;
				GCC_WARN_UNINITIALIZED_AUTOS = YES_AGGRESSIVE;
				GCC_WARN_UNUSED_FUNCTION = YES;
				GCC_WARN_UNUSED_VARIABLE = YES;
				IPHONEOS_DEPLOYMENT_TARGET = 7.0;
				MTL_ENABLE_DEBUG_INFO = YES;
				ONLY_ACTIVE_ARCH = YES;
				SDKROOT = iphoneos;
			};
			name = Debug;
		};
		DCED38951A6B0BCB007F1873 /* Release */ = {
			isa = XCBuildConfiguration;
			buildSettings = {
				ALWAYS_SEARCH_USER_PATHS = NO;
				CLANG_CXX_LANGUAGE_STANDARD = "gnu++0x";
				CLANG_CXX_LIBRARY = "libc++";
				CLANG_ENABLE_MODULES = YES;
				CLANG_ENABLE_OBJC_ARC = YES;
				CLANG_WARN_BOOL_CONVERSION = YES;
				CLANG_WARN_CONSTANT_CONVERSION = YES;
				CLANG_WARN_DIRECT_OBJC_ISA_USAGE = YES_ERROR;
				CLANG_WARN_EMPTY_BODY = YES;
				CLANG_WARN_ENUM_CONVERSION = YES;
				CLANG_WARN_INT_CONVERSION = YES;
				CLANG_WARN_OBJC_ROOT_CLASS = YES_ERROR;
				CLANG_WARN_UNREACHABLE_CODE = YES;
				CLANG_WARN__DUPLICATE_METHOD_MATCH = YES;
				"CODE_SIGN_IDENTITY[sdk=iphoneos*]" = "iPhone Distribution";
				COPY_PHASE_STRIP = YES;
				ENABLE_NS_ASSERTIONS = NO;
				ENABLE_STRICT_OBJC_MSGSEND = YES;
				GCC_C_LANGUAGE_STANDARD = gnu99;
				GCC_WARN_64_TO_32_BIT_CONVERSION = YES;
				GCC_WARN_ABOUT_RETURN_TYPE = YES_ERROR;
				GCC_WARN_UNDECLARED_SELECTOR = YES;
				GCC_WARN_UNINITIALIZED_AUTOS = YES_AGGRESSIVE;
				GCC_WARN_UNUSED_FUNCTION = YES;
				GCC_WARN_UNUSED_VARIABLE = YES;
				IPHONEOS_DEPLOYMENT_TARGET = 7.0;
				MTL_ENABLE_DEBUG_INFO = NO;
				SDKROOT = iphoneos;
				VALIDATE_PRODUCT = YES;
			};
			name = Release;
		};
		DCED38971A6B0BCB007F1873 /* Debug */ = {
			isa = XCBuildConfiguration;
			baseConfigurationReference = F0D404343BB029F2A2947A71 /* Pods-LocalTweets.debug.xcconfig */;
			buildSettings = {
				ASSETCATALOG_COMPILER_APPICON_NAME = AppIcon;
				ASSETCATALOG_COMPILER_LAUNCHIMAGE_NAME = LaunchImage;
				CODE_SIGN_IDENTITY = "";
				"CODE_SIGN_IDENTITY[sdk=iphoneos*]" = "iPhone Developer";
				FRAMEWORK_SEARCH_PATHS = (
					"$(inherited)",
					"$(PROJECT_DIR)",
				);
				GCC_INCREASE_PRECOMPILED_HEADER_SHARING = NO;
				GCC_PREFIX_HEADER = LocalTweets/PrefixHeader.pch;
				INFOPLIST_FILE = LocalTweets/Info.plist;
				IPHONEOS_DEPLOYMENT_TARGET = 7.0;
				LD_RUNPATH_SEARCH_PATHS = "$(inherited) @executable_path/Frameworks";
				PRODUCT_NAME = "$(TARGET_NAME)";
			};
			name = Debug;
		};
		DCED38981A6B0BCB007F1873 /* Release */ = {
			isa = XCBuildConfiguration;
			baseConfigurationReference = 3984387DB9B40B7A9DE93155 /* Pods-LocalTweets.release.xcconfig */;
			buildSettings = {
				ASSETCATALOG_COMPILER_APPICON_NAME = AppIcon;
				ASSETCATALOG_COMPILER_LAUNCHIMAGE_NAME = LaunchImage;
				CODE_SIGN_IDENTITY = "";
				"CODE_SIGN_IDENTITY[sdk=iphoneos*]" = "iPhone Developer";
				FRAMEWORK_SEARCH_PATHS = (
					"$(inherited)",
					"$(PROJECT_DIR)",
				);
				GCC_INCREASE_PRECOMPILED_HEADER_SHARING = NO;
				GCC_PREFIX_HEADER = LocalTweets/PrefixHeader.pch;
				INFOPLIST_FILE = LocalTweets/Info.plist;
				IPHONEOS_DEPLOYMENT_TARGET = 7.0;
				LD_RUNPATH_SEARCH_PATHS = "$(inherited) @executable_path/Frameworks";
				PRODUCT_NAME = "$(TARGET_NAME)";
			};
			name = Release;
		};
		DCED389A1A6B0BCB007F1873 /* Debug */ = {
			isa = XCBuildConfiguration;
			buildSettings = {
				BUNDLE_LOADER = "$(TEST_HOST)";
				FRAMEWORK_SEARCH_PATHS = (
					"$(SDKROOT)/Developer/Library/Frameworks",
					"$(inherited)",
				);
				GCC_PREPROCESSOR_DEFINITIONS = (
					"DEBUG=1",
					"$(inherited)",
				);
				INFOPLIST_FILE = LocalTweetsTests/Info.plist;
				LD_RUNPATH_SEARCH_PATHS = "$(inherited) @executable_path/Frameworks @loader_path/Frameworks";
				PRODUCT_NAME = "$(TARGET_NAME)";
				TEST_HOST = "$(BUILT_PRODUCTS_DIR)/LocalTweets.app/LocalTweets";
			};
			name = Debug;
		};
		DCED389B1A6B0BCB007F1873 /* Release */ = {
			isa = XCBuildConfiguration;
			buildSettings = {
				BUNDLE_LOADER = "$(TEST_HOST)";
				FRAMEWORK_SEARCH_PATHS = (
					"$(SDKROOT)/Developer/Library/Frameworks",
					"$(inherited)",
				);
				INFOPLIST_FILE = LocalTweetsTests/Info.plist;
				LD_RUNPATH_SEARCH_PATHS = "$(inherited) @executable_path/Frameworks @loader_path/Frameworks";
				PRODUCT_NAME = "$(TARGET_NAME)";
				TEST_HOST = "$(BUILT_PRODUCTS_DIR)/LocalTweets.app/LocalTweets";
			};
			name = Release;
		};
/* End XCBuildConfiguration section */

/* Begin XCConfigurationList section */
		DCED386E1A6B0BCA007F1873 /* Build configuration list for PBXProject "LocalTweets" */ = {
			isa = XCConfigurationList;
			buildConfigurations = (
				DCED38941A6B0BCB007F1873 /* Debug */,
				DCED38951A6B0BCB007F1873 /* Release */,
			);
			defaultConfigurationIsVisible = 0;
			defaultConfigurationName = Release;
		};
		DCED38961A6B0BCB007F1873 /* Build configuration list for PBXNativeTarget "LocalTweets" */ = {
			isa = XCConfigurationList;
			buildConfigurations = (
				DCED38971A6B0BCB007F1873 /* Debug */,
				DCED38981A6B0BCB007F1873 /* Release */,
			);
			defaultConfigurationIsVisible = 0;
			defaultConfigurationName = Release;
		};
		DCED38991A6B0BCB007F1873 /* Build configuration list for PBXNativeTarget "LocalTweetsTests" */ = {
			isa = XCConfigurationList;
			buildConfigurations = (
				DCED389A1A6B0BCB007F1873 /* Debug */,
				DCED389B1A6B0BCB007F1873 /* Release */,
			);
			defaultConfigurationIsVisible = 0;
			defaultConfigurationName = Release;
		};
/* End XCConfigurationList section */
	};
	rootObject = DCED386B1A6B0BCA007F1873 /* Project object */;
}
